
Microsoft Visual Studio Solution File, Format Version 12.00
# Visual Studio Version 17
VisualStudioVersion = 17.9.34728.123
MinimumVisualStudioVersion = 10.0.40219.1
Project("{FAE04EC0-301F-11D3-BF4B-00C04F79EFBC}") = "Tien_C4_B1", "Tien_C4_B1\Tien_C4_B1.csproj", "{1852629E-1503-4620-AAA2-4534C5DBFDAB}"
EndProject
Global
	GlobalSection(SolutionConfigurationPlatforms) = preSolution
		Debug|Any CPU = Debug|Any CPU
		Release|Any CPU = Release|Any CPU
	EndGlobalSection
	GlobalSection(ProjectConfigurationPlatforms) = postSolution
		{1852629E-1503-4620-AAA2-4534C5DBFDAB}.Debug|Any CPU.ActiveCfg = Debug|Any CPU
		{1852629E-1503-4620-AAA2-4534C5DBFDAB}.Debug|Any CPU.Build.0 = Debug|Any CPU
		{1852629E-1503-4620-AAA2-4534C5DBFDAB}.Release|Any CPU.ActiveCfg = Release|Any CPU
		{1852629E-1503-4620-AAA2-4534C5DBFDAB}.Release|Any CPU.Build.0 = Release|Any CPU
	EndGlobalSection
	GlobalSection(SolutionProperties) = preSolution
		HideSolutionNode = FALSE
	EndGlobalSection
	GlobalSection(ExtensibilityGlobals) = postSolution
		SolutionGuid = {F2E3D31A-A3BE-4CE1-940B-0E8DA6BCC665}
	EndGlobalSection
EndGlobal
